
Microsoft Visual Studio Solution File, Format Version 12.00
# Visual Studio Version 16
VisualStudioVersion = 16.0.32228.343
MinimumVisualStudioVersion = 10.0.40219.1
Project("{FAE04EC0-301F-11D3-BF4B-00C04F79EFBC}") = "ChatServer", "ChatServer\ChatServer.csproj", "{0D94D300-6B3D-4E08-BF30-EDA37F88F533}"
EndProject
Project("{FAE04EC0-301F-11D3-BF4B-00C04F79EFBC}") = "ChatClient", "ChatClient\ChatClient.csproj", "{49AE95CC-B1E2-43AD-9A05-7E54FDBD944B}"
EndProject
Global
	GlobalSection(SolutionConfigurationPlatforms) = preSolution
		Debug|Any CPU = Debug|Any CPU
		Release|Any CPU = Release|Any CPU
	EndGlobalSection
	GlobalSection(ProjectConfigurationPlatforms) = postSolution
		{0D94D300-6B3D-4E08-BF30-EDA37F88F533}.Debug|Any CPU.ActiveCfg = Debug|Any CPU
		{0D94D300-6B3D-4E08-BF30-EDA37F88F533}.Debug|Any CPU.Build.0 = Debug|Any CPU
		{0D94D300-6B3D-4E08-BF30-EDA37F88F533}.Release|Any CPU.ActiveCfg = Release|Any CPU
		{0D94D300-6B3D-4E08-BF30-EDA37F88F533}.Release|Any CPU.Build.0 = Release|Any CPU
		{49AE95CC-B1E2-43AD-9A05-7E54FDBD944B}.Debug|Any CPU.ActiveCfg = Debug|Any CPU
		{49AE95CC-B1E2-43AD-9A05-7E54FDBD944B}.Debug|Any CPU.Build.0 = Debug|Any CPU
		{49AE95CC-B1E2-43AD-9A05-7E54FDBD944B}.Release|Any CPU.ActiveCfg = Release|Any CPU
		{49AE95CC-B1E2-43AD-9A05-7E54FDBD944B}.Release|Any CPU.Build.0 = Release|Any CPU
	EndGlobalSection
	GlobalSection(SolutionProperties) = preSolution
		HideSolutionNode = FALSE
	EndGlobalSection
	GlobalSection(ExtensibilityGlobals) = postSolution
		SolutionGuid = {41B1A4BF-BCF8-4610-8577-595127C008DD}
	EndGlobalSection
EndGlobal
